
Microsoft Visual Studio Solution File, Format Version 12.00
# Visual Studio Version 16
VisualStudioVersion = 16.0.29509.3
MinimumVisualStudioVersion = 10.0.40219.1
Project("{FAE04EC0-301F-11D3-BF4B-00C04F79EFBC}") = "QuickBuy.Dominio", "QuickBuy.Dominio\QuickBuy.Dominio.csproj", "{B532858B-10D4-4B8F-9C45-F38E0F14E1B3}"
EndProject
Project("{FAE04EC0-301F-11D3-BF4B-00C04F79EFBC}") = "QuickBuy.Repositorio", "QuickBuy.Repositorio\QuickBuy.Repositorio.csproj", "{BB50AC3F-28BA-4ACE-92C5-0BEAF388E0DC}"
EndProject
Project("{FAE04EC0-301F-11D3-BF4B-00C04F79EFBC}") = "QuickBuy.Web", "QuickBuy.Web\QuickBuy.Web.csproj", "{7E385396-6CF1-4134-BC0B-EFA7E5AAF97E}"
EndProject
Global
	GlobalSection(SolutionConfigurationPlatforms) = preSolution
		Debug|Any CPU = Debug|Any CPU
		Release|Any CPU = Release|Any CPU
	EndGlobalSection
	GlobalSection(ProjectConfigurationPlatforms) = postSolution
		{B532858B-10D4-4B8F-9C45-F38E0F14E1B3}.Debug|Any CPU.ActiveCfg = Debug|Any CPU
		{B532858B-10D4-4B8F-9C45-F38E0F14E1B3}.Debug|Any CPU.Build.0 = Debug|Any CPU
		{B532858B-10D4-4B8F-9C45-F38E0F14E1B3}.Release|Any CPU.ActiveCfg = Release|Any CPU
		{B532858B-10D4-4B8F-9C45-F38E0F14E1B3}.Release|Any CPU.Build.0 = Release|Any CPU
		{BB50AC3F-28BA-4ACE-92C5-0BEAF388E0DC}.Debug|Any CPU.ActiveCfg = Debug|Any CPU
		{BB50AC3F-28BA-4ACE-92C5-0BEAF388E0DC}.Debug|Any CPU.Build.0 = Debug|Any CPU
		{BB50AC3F-28BA-4ACE-92C5-0BEAF388E0DC}.Release|Any CPU.ActiveCfg = Release|Any CPU
		{BB50AC3F-28BA-4ACE-92C5-0BEAF388E0DC}.Release|Any CPU.Build.0 = Release|Any CPU
		{7E385396-6CF1-4134-BC0B-EFA7E5AAF97E}.Debug|Any CPU.ActiveCfg = Debug|Any CPU
		{7E385396-6CF1-4134-BC0B-EFA7E5AAF97E}.Debug|Any CPU.Build.0 = Debug|Any CPU
		{7E385396-6CF1-4134-BC0B-EFA7E5AAF97E}.Release|Any CPU.ActiveCfg = Release|Any CPU
		{7E385396-6CF1-4134-BC0B-EFA7E5AAF97E}.Release|Any CPU.Build.0 = Release|Any CPU
	EndGlobalSection
	GlobalSection(SolutionProperties) = preSolution
		HideSolutionNode = FALSE
	EndGlobalSection
	GlobalSection(ExtensibilityGlobals) = postSolution
		SolutionGuid = {F165376F-0FB0-4882-9FBE-54447C544CDC}
	EndGlobalSection
EndGlobal
